
Microsoft Visual Studio Solution File, Format Version 12.00
# Visual Studio Version 17
VisualStudioVersion = 17.0.31919.166
MinimumVisualStudioVersion = 10.0.40219.1
Project("{FAE04EC0-301F-11D3-BF4B-00C04F79EFBC}") = "InicijalnoPonavljanje3", "InicijalnoPonavljanje3.csproj", "{2DF52680-FEEF-474E-99B3-2D2A6F273958}"
EndProject
Global
	GlobalSection(SolutionConfigurationPlatforms) = preSolution
		Debug|Any CPU = Debug|Any CPU
		Release|Any CPU = Release|Any CPU
	EndGlobalSection
	GlobalSection(ProjectConfigurationPlatforms) = postSolution
		{2DF52680-FEEF-474E-99B3-2D2A6F273958}.Debug|Any CPU.ActiveCfg = Debug|Any CPU
		{2DF52680-FEEF-474E-99B3-2D2A6F273958}.Debug|Any CPU.Build.0 = Debug|Any CPU
		{2DF52680-FEEF-474E-99B3-2D2A6F273958}.Release|Any CPU.ActiveCfg = Release|Any CPU
		{2DF52680-FEEF-474E-99B3-2D2A6F273958}.Release|Any CPU.Build.0 = Release|Any CPU
	EndGlobalSection
	GlobalSection(SolutionProperties) = preSolution
		HideSolutionNode = FALSE
	EndGlobalSection
	GlobalSection(ExtensibilityGlobals) = postSolution
		SolutionGuid = {85C9EF68-7EC3-455C-A903-551525193DAF}
	EndGlobalSection
EndGlobal
